dependencies:
  achimpieters/esp32-dht:
    component_hash: e605fcdad07d9d9ad63fe14585b14bee8b4b6c7862247bf590cae44226f8e09c
    dependencies:
    - name: idf
      require: private
      version: '>=5.0'
    source:
      registry_url: https://components.espressif.com/
      type: service
    targets:
    - esp32
    - esp32c2
    - esp32c3
    - esp32c5
    - esp32c6
    - esp32c61
    - esp32s2
    - esp32s3
    version: 1.0.2
  idf:
    source:
      type: idf
    version: 5.3.1
direct_dependencies:
- achimpieters/esp32-dht
manifest_hash: cee4b539e63f5f766188305485076a50270bc09cd4a9fdb2cfe0027baed617b6
target: esp32s3
version: 2.0.0
